// !$*UTF8*$!
{
	archiveVersion = 1;
	classes = {
	};
	objectVersion = 56;
	objects = {

/* Begin PBXBuildFile section */
		F73FBD612C5319D0007B90C9 /* WeatherCell.swift in Sources */ = {isa = PBXBuildFile; fileRef = F73FBD602C5319D0007B90C9 /* WeatherCell.swift */; };
		F74F26B22C52FC9100C9EE7A /* AppDelegate.swift in Sources */ = {isa = PBXBuildFile; fileRef = F74F26B12C52FC9100C9EE7A /* AppDelegate.swift */; };
		F74F26B42C52FC9100C9EE7A /* SceneDelegate.swift in Sources */ = {isa = PBXBuildFile; fileRef = F74F26B32C52FC9100C9EE7A /* SceneDelegate.swift */; };
		F74F26B92C52FC9100C9EE7A /* Base in Resources */ = {isa = PBXBuildFile; fileRef = F74F26B82C52FC9100C9EE7A /* Base */; };
		F74F26BB2C52FC9400C9EE7A /* Assets.xcassets in Resources */ = {isa = PBXBuildFile; fileRef = F74F26BA2C52FC9400C9EE7A /* Assets.xcassets */; };
		F74F26BE2C52FC9400C9EE7A /* Base in Resources */ = {isa = PBXBuildFile; fileRef = F74F26BD2C52FC9400C9EE7A /* Base */; };
		F74F26C92C5308F500C9EE7A /* WeatherListTableViewController.swift in Sources */ = {isa = PBXBuildFile; fileRef = F74F26C82C5308F500C9EE7A /* WeatherListTableViewController.swift */; };
		F74F26CB2C53095500C9EE7A /* AddWeatherCityViewController.swift in Sources */ = {isa = PBXBuildFile; fileRef = F74F26CA2C53095500C9EE7A /* AddWeatherCityViewController.swift */; };
		F7AB7F5B2C5554CA00B80F08 /* WeatherResponse.swift in Sources */ = {isa = PBXBuildFile; fileRef = F7AB7F5A2C5554CA00B80F08 /* WeatherResponse.swift */; };
		F7AB7F5E2C55578F00B80F08 /* AddWeatherViewModel.swift in Sources */ = {isa = PBXBuildFile; fileRef = F7AB7F5D2C55578F00B80F08 /* AddWeatherViewModel.swift */; };
		F7AB7F612C5557E900B80F08 /* Constants.swift in Sources */ = {isa = PBXBuildFile; fileRef = F7AB7F602C5557E900B80F08 /* Constants.swift */; };
		F7AB7F642C5558FC00B80F08 /* String+Ext.swift in Sources */ = {isa = PBXBuildFile; fileRef = F7AB7F632C5558FC00B80F08 /* String+Ext.swift */; };
		F7AB7F662C55950600B80F08 /* WeatherListViewModel.swift in Sources */ = {isa = PBXBuildFile; fileRef = F7AB7F652C55950600B80F08 /* WeatherListViewModel.swift */; };
		F7AB7F682C559EED00B80F08 /* Double+Ext.swift in Sources */ = {isa = PBXBuildFile; fileRef = F7AB7F672C559EED00B80F08 /* Double+Ext.swift */; };
		F7D88C012C53565C004F3E90 /* WebService.swift in Sources */ = {isa = PBXBuildFile; fileRef = F7D88C002C53565C004F3E90 /* WebService.swift */; };
		F7EA8F5E2C5702FB00D98F7C /* SettingsTableViewController.swift in Sources */ = {isa = PBXBuildFile; fileRef = F7EA8F5D2C5702FB00D98F7C /* SettingsTableViewController.swift */; };
		F7EA8F602C57074500D98F7C /* SettingsViewModel.swift in Sources */ = {isa = PBXBuildFile; fileRef = F7EA8F5F2C57074500D98F7C /* SettingsViewModel.swift */; };
/* End PBXBuildFile section */

/* Begin PBXFileReference section */
		F73FBD602C5319D0007B90C9 /* WeatherCell.swift */ = {isa = PBXFileReference; lastKnownFileType = sourcecode.swift; path = WeatherCell.swift; sourceTree = "<group>"; };
		F74F26AE2C52FC9100C9EE7A /* WeatherApp.app */ = {isa = PBXFileReference; explicitFileType = wrapper.application; includeInIndex = 0; path = WeatherApp.app; sourceTree = BUILT_PRODUCTS_DIR; };
		F74F26B12C52FC9100C9EE7A /* AppDelegate.swift */ = {isa = PBXFileReference; lastKnownFileType = sourcecode.swift; path = AppDelegate.swift; sourceTree = "<group>"; };
		F74F26B32C52FC9100C9EE7A /* SceneDelegate.swift */ = {isa = PBXFileReference; lastKnownFileType = sourcecode.swift; path = SceneDelegate.swift; sourceTree = "<group>"; };
		F74F26B82C52FC9100C9EE7A /* Base */ = {isa = PBXFileReference; lastKnownFileType = file.storyboard; name = Base; path = Base.lproj/Main.storyboard; sourceTree = "<group>"; };
		F74F26BA2C52FC9400C9EE7A /* Assets.xcassets */ = {isa = PBXFileReference; lastKnownFileType = folder.assetcatalog; path = Assets.xcassets; sourceTree = "<group>"; };
		F74F26BD2C52FC9400C9EE7A /* Base */ = {isa = PBXFileReference; lastKnownFileType = file.storyboard; name = Base; path = Base.lproj/LaunchScreen.storyboard; sourceTree = "<group>"; };
		F74F26BF2C52FC9400C9EE7A /* Info.plist */ = {isa = PBXFileReference; lastKnownFileType = text.plist.xml; path = Info.plist; sourceTree = "<group>"; };
		F74F26C82C5308F500C9EE7A /* WeatherListTableViewController.swift */ = {isa = PBXFileReference; lastKnownFileType = sourcecode.swift; path = WeatherListTableViewController.swift; sourceTree = "<group>"; };
		F74F26CA2C53095500C9EE7A /* AddWeatherCityViewController.swift */ = {isa = PBXFileReference; lastKnownFileType = sourcecode.swift; path = AddWeatherCityViewController.swift; sourceTree = "<group>"; };
		F7AB7F5A2C5554CA00B80F08 /* WeatherResponse.swift */ = {isa = PBXFileReference; lastKnownFileType = sourcecode.swift; path = WeatherResponse.swift; sourceTree = "<group>"; };
		F7AB7F5D2C55578F00B80F08 /* AddWeatherViewModel.swift */ = {isa = PBXFileReference; lastKnownFileType = sourcecode.swift; path = AddWeatherViewModel.swift; sourceTree = "<group>"; };
		F7AB7F602C5557E900B80F08 /* Constants.swift */ = {isa = PBXFileReference; lastKnownFileType = sourcecode.swift; path = Constants.swift; sourceTree = "<group>"; };
		F7AB7F632C5558FC00B80F08 /* String+Ext.swift */ = {isa = PBXFileReference; lastKnownFileType = sourcecode.swift; path = "String+Ext.swift"; sourceTree = "<group>"; };
		F7AB7F652C55950600B80F08 /* WeatherListViewModel.swift */ = {isa = PBXFileReference; lastKnownFileType = sourcecode.swift; path = WeatherListViewModel.swift; sourceTree = "<group>"; };
		F7AB7F672C559EED00B80F08 /* Double+Ext.swift */ = {isa = PBXFileReference; lastKnownFileType = sourcecode.swift; path = "Double+Ext.swift"; sourceTree = "<group>"; };
		F7D88C002C53565C004F3E90 /* WebService.swift */ = {isa = PBXFileReference; lastKnownFileType = sourcecode.swift; path = WebService.swift; sourceTree = "<group>"; };
		F7EA8F5D2C5702FB00D98F7C /* SettingsTableViewController.swift */ = {isa = PBXFileReference; lastKnownFileType = sourcecode.swift; path = SettingsTableViewController.swift; sourceTree = "<group>"; };
		F7EA8F5F2C57074500D98F7C /* SettingsViewModel.swift */ = {isa = PBXFileReference; lastKnownFileType = sourcecode.swift; path = SettingsViewModel.swift; sourceTree = "<group>"; };
/* End PBXFileReference section */

/* Begin PBXFrameworksBuildPhase section */
		F74F26AB2C52FC9100C9EE7A /* Frameworks */ = {
			isa = PBXFrameworksBuildPhase;
			buildActionMask = 2147483647;
			files = (
			);
			runOnlyForDeploymentPostprocessing = 0;
		};
/* End PBXFrameworksBuildPhase section */

/* Begin PBXGroup section */
		F73FBD5F2C5319B6007B90C9 /* Custom Cells */ = {
			isa = PBXGroup;
			children = (
				F73FBD602C5319D0007B90C9 /* WeatherCell.swift */,
			);
			path = "Custom Cells";
			sourceTree = "<group>";
		};
		F74F26A52C52FC9100C9EE7A = {
			isa = PBXGroup;
			children = (
				F74F26B02C52FC9100C9EE7A /* WeatherApp */,
				F74F26AF2C52FC9100C9EE7A /* Products */,
			);
			sourceTree = "<group>";
		};
		F74F26AF2C52FC9100C9EE7A /* Products */ = {
			isa = PBXGroup;
			children = (
				F74F26AE2C52FC9100C9EE7A /* WeatherApp.app */,
			);
			name = Products;
			sourceTree = "<group>";
		};
		F74F26B02C52FC9100C9EE7A /* WeatherApp */ = {
			isa = PBXGroup;
			children = (
				F7AB7F622C5558E600B80F08 /* Extensions */,
				F7AB7F5F2C5557D700B80F08 /* Utils */,
				F7AB7F5C2C55572300B80F08 /* ViewModels */,
				F7AB7F592C5554B300B80F08 /* Models */,
				F74F26C72C5308C200C9EE7A /* Controllers */,
				F73FBD5F2C5319B6007B90C9 /* Custom Cells */,
				F7D88BFF2C535635004F3E90 /* Services */,
				F74F26C52C5308A800C9EE7A /* Storyboards */,
				F74F26C62C5308B600C9EE7A /* Delegates */,
				F74F26BA2C52FC9400C9EE7A /* Assets.xcassets */,
				F74F26BF2C52FC9400C9EE7A /* Info.plist */,
			);
			path = WeatherApp;
			sourceTree = "<group>";
		};
		F74F26C52C5308A800C9EE7A /* Storyboards */ = {
			isa = PBXGroup;
			children = (
				F74F26B72C52FC9100C9EE7A /* Main.storyboard */,
				F74F26BC2C52FC9400C9EE7A /* LaunchScreen.storyboard */,
			);
			path = Storyboards;
			sourceTree = "<group>";
		};
		F74F26C62C5308B600C9EE7A /* Delegates */ = {
			isa = PBXGroup;
			children = (
				F74F26B12C52FC9100C9EE7A /* AppDelegate.swift */,
				F74F26B32C52FC9100C9EE7A /* SceneDelegate.swift */,
			);
			path = Delegates;
			sourceTree = "<group>";
		};
		F74F26C72C5308C200C9EE7A /* Controllers */ = {
			isa = PBXGroup;
			children = (
				F74F26C82C5308F500C9EE7A /* WeatherListTableViewController.swift */,
				F74F26CA2C53095500C9EE7A /* AddWeatherCityViewController.swift */,
				F7EA8F5D2C5702FB00D98F7C /* SettingsTableViewController.swift */,
			);
			path = Controllers;
			sourceTree = "<group>";
		};
		F7AB7F592C5554B300B80F08 /* Models */ = {
			isa = PBXGroup;
			children = (
				F7AB7F5A2C5554CA00B80F08 /* WeatherResponse.swift */,
			);
			path = Models;
			sourceTree = "<group>";
		};
		F7AB7F5C2C55572300B80F08 /* ViewModels */ = {
			isa = PBXGroup;
			children = (
				F7AB7F5D2C55578F00B80F08 /* AddWeatherViewModel.swift */,
				F7AB7F652C55950600B80F08 /* WeatherListViewModel.swift */,
				F7EA8F5F2C57074500D98F7C /* SettingsViewModel.swift */,
			);
			path = ViewModels;
			sourceTree = "<group>";
		};
		F7AB7F5F2C5557D700B80F08 /* Utils */ = {
			isa = PBXGroup;
			children = (
				F7AB7F602C5557E900B80F08 /* Constants.swift */,
			);
			path = Utils;
			sourceTree = "<group>";
		};
		F7AB7F622C5558E600B80F08 /* Extensions */ = {
			isa = PBXGroup;
			children = (
				F7AB7F632C5558FC00B80F08 /* String+Ext.swift */,
				F7AB7F672C559EED00B80F08 /* Double+Ext.swift */,
			);
			path = Extensions;
			sourceTree = "<group>";
		};
		F7D88BFF2C535635004F3E90 /* Services */ = {
			isa = PBXGroup;
			children = (
				F7D88C002C53565C004F3E90 /* WebService.swift */,
			);
			path = Services;
			sourceTree = "<group>";
		};
/* End PBXGroup section */

/* Begin PBXNativeTarget section */
		F74F26AD2C52FC9100C9EE7A /* WeatherApp */ = {
			isa = PBXNativeTarget;
			buildConfigurationList = F74F26C22C52FC9400C9EE7A /* Build configuration list for PBXNativeTarget "WeatherApp" */;
			buildPhases = (
				F74F26AA2C52FC9100C9EE7A /* Sources */,
				F74F26AB2C52FC9100C9EE7A /* Frameworks */,
				F74F26AC2C52FC9100C9EE7A /* Resources */,
			);
			buildRules = (
			);
			dependencies = (
			);
			name = WeatherApp;
			productName = WeatherApp;
			productReference = F74F26AE2C52FC9100C9EE7A /* WeatherApp.app */;
			productType = "com.apple.product-type.application";
		};
/* End PBXNativeTarget section */

/* Begin PBXProject section */
		F74F26A62C52FC9100C9EE7A /* Project object */ = {
			isa = PBXProject;
			attributes = {
				BuildIndependentTargetsInParallel = 1;
				LastSwiftUpdateCheck = 1540;
				LastUpgradeCheck = 1540;
				TargetAttributes = {
					F74F26AD2C52FC9100C9EE7A = {
						CreatedOnToolsVersion = 15.4;
					};
				};
			};
			buildConfigurationList = F74F26A92C52FC9100C9EE7A /* Build configuration list for PBXProject "WeatherApp" */;
			compatibilityVersion = "Xcode 14.0";
			developmentRegion = en;
			hasScannedForEncodings = 0;
			knownRegions = (
				en,
				Base,
			);
			mainGroup = F74F26A52C52FC9100C9EE7A;
			productRefGroup = F74F26AF2C52FC9100C9EE7A /* Products */;
			projectDirPath = "";
			projectRoot = "";
			targets = (
				F74F26AD2C52FC9100C9EE7A /* WeatherApp */,
			);
		};
/* End PBXProject section */

/* Begin PBXResourcesBuildPhase section */
		F74F26AC2C52FC9100C9EE7A /* Resources */ = {
			isa = PBXResourcesBuildPhase;
			buildActionMask = 2147483647;
			files = (
				F74F26BB2C52FC9400C9EE7A /* Assets.xcassets in Resources */,
				F74F26BE2C52FC9400C9EE7A /* Base in Resources */,
				F74F26B92C52FC9100C9EE7A /* Base in Resources */,
			);
			runOnlyForDeploymentPostprocessing = 0;
		};
/* End PBXResourcesBuildPhase section */

/* Begin PBXSourcesBuildPhase section */
		F74F26AA2C52FC9100C9EE7A /* Sources */ = {
			isa = PBXSourcesBuildPhase;
			buildActionMask = 2147483647;
			files = (
				F7D88C012C53565C004F3E90 /* WebService.swift in Sources */,
				F7EA8F5E2C5702FB00D98F7C /* SettingsTableViewController.swift in Sources */,
				F7AB7F5E2C55578F00B80F08 /* AddWeatherViewModel.swift in Sources */,
				F7AB7F682C559EED00B80F08 /* Double+Ext.swift in Sources */,
				F74F26C92C5308F500C9EE7A /* WeatherListTableViewController.swift in Sources */,
				F74F26B22C52FC9100C9EE7A /* AppDelegate.swift in Sources */,
				F7AB7F5B2C5554CA00B80F08 /* WeatherResponse.swift in Sources */,
				F73FBD612C5319D0007B90C9 /* WeatherCell.swift in Sources */,
				F7AB7F662C55950600B80F08 /* WeatherListViewModel.swift in Sources */,
				F74F26CB2C53095500C9EE7A /* AddWeatherCityViewController.swift in Sources */,
				F74F26B42C52FC9100C9EE7A /* SceneDelegate.swift in Sources */,
				F7AB7F642C5558FC00B80F08 /* String+Ext.swift in Sources */,
				F7AB7F612C5557E900B80F08 /* Constants.swift in Sources */,
				F7EA8F602C57074500D98F7C /* SettingsViewModel.swift in Sources */,
			);
			runOnlyForDeploymentPostprocessing = 0;
		};
/* End PBXSourcesBuildPhase section */

/* Begin PBXVariantGroup section */
		F74F26B72C52FC9100C9EE7A /* Main.storyboard */ = {
			isa = PBXVariantGroup;
			children = (
				F74F26B82C52FC9100C9EE7A /* Base */,
			);
			name = Main.storyboard;
			sourceTree = "<group>";
		};
		F74F26BC2C52FC9400C9EE7A /* LaunchScreen.storyboard */ = {
			isa = PBXVariantGroup;
			children = (
				F74F26BD2C52FC9400C9EE7A /* Base */,
			);
			name = LaunchScreen.storyboard;
			sourceTree = "<group>";
		};
/* End PBXVariantGroup section */

/* Begin XCBuildConfiguration section */
		F74F26C02C52FC9400C9EE7A /* Debug */ = {
			isa = XCBuildConfiguration;
			buildSettings = {
				ALWAYS_SEARCH_USER_PATHS = NO;
				ASSETCATALOG_COMPILER_GENERATE_SWIFT_ASSET_SYMBOL_EXTENSIONS = YES;
				CLANG_ANALYZER_NONNULL = YES;
				CLANG_ANALYZER_NUMBER_OBJECT_CONVERSION = YES_AGGRESSIVE;
				CLANG_CXX_LANGUAGE_STANDARD = "gnu++20";
				CLANG_ENABLE_MODULES = YES;
				CLANG_ENABLE_OBJC_ARC = YES;
				CLANG_ENABLE_OBJC_WEAK = YES;
				CLANG_WARN_BLOCK_CAPTURE_AUTORELEASING = YES;
				CLANG_WARN_BOOL_CONVERSION = YES;
				CLANG_WARN_COMMA = YES;
				CLANG_WARN_CONSTANT_CONVERSION = YES;
				CLANG_WARN_DEPRECATED_OBJC_IMPLEMENTATIONS = YES;
				CLANG_WARN_DIRECT_OBJC_ISA_USAGE = YES_ERROR;
				CLANG_WARN_DOCUMENTATION_COMMENTS = YES;
				CLANG_WARN_EMPTY_BODY = YES;
				CLANG_WARN_ENUM_CONVERSION = YES;
				CLANG_WARN_INFINITE_RECURSION = YES;
				CLANG_WARN_INT_CONVERSION = YES;
				CLANG_WARN_NON_LITERAL_NULL_CONVERSION = YES;
				CLANG_WARN_OBJC_IMPLICIT_RETAIN_SELF = YES;
				CLANG_WARN_OBJC_LITERAL_CONVERSION = YES;
				CLANG_WARN_OBJC_ROOT_CLASS = YES_ERROR;
				CLANG_WARN_QUOTED_INCLUDE_IN_FRAMEWORK_HEADER = YES;
				CLANG_WARN_RANGE_LOOP_ANALYSIS = YES;
				CLANG_WARN_STRICT_PROTOTYPES = YES;
				CLANG_WARN_SUSPICIOUS_MOVE = YES;
				CLANG_WARN_UNGUARDED_AVAILABILITY = YES_AGGRESSIVE;
				CLANG_WARN_UNREACHABLE_CODE = YES;
				CLANG_WARN__DUPLICATE_METHOD_MATCH = YES;
				COPY_PHASE_STRIP = NO;
				DEBUG_INFORMATION_FORMAT = dwarf;
				ENABLE_STRICT_OBJC_MSGSEND = YES;
				ENABLE_TESTABILITY = YES;
				ENABLE_USER_SCRIPT_SANDBOXING = YES;
				GCC_C_LANGUAGE_STANDARD = gnu17;
				GCC_DYNAMIC_NO_PIC = NO;
				GCC_NO_COMMON_BLOCKS = YES;
				GCC_OPTIMIZATION_LEVEL = 0;
				GCC_PREPROCESSOR_DEFINITIONS = (
					"DEBUG=1",
					"$(inherited)",
				);
				GCC_WARN_64_TO_32_BIT_CONVERSION = YES;
				GCC_WARN_ABOUT_RETURN_TYPE = YES_ERROR;
				GCC_WARN_UNDECLARED_SELECTOR = YES;
				GCC_WARN_UNINITIALIZED_AUTOS = YES_AGGRESSIVE;
				GCC_WARN_UNUSED_FUNCTION = YES;
				GCC_WARN_UNUSED_VARIABLE = YES;
				IPHONEOS_DEPLOYMENT_TARGET = 17.5;
				LOCALIZATION_PREFERS_STRING_CATALOGS = YES;
				MTL_ENABLE_DEBUG_INFO = INCLUDE_SOURCE;
				MTL_FAST_MATH = YES;
				ONLY_ACTIVE_ARCH = YES;
				SDKROOT = iphoneos;
				SWIFT_ACTIVE_COMPILATION_CONDITIONS = "DEBUG $(inherited)";
				SWIFT_OPTIMIZATION_LEVEL = "-Onone";
			};
			name = Debug;
		};
		F74F26C12C52FC9400C9EE7A /* Release */ = {
			isa = XCBuildConfiguration;
			buildSettings = {
				ALWAYS_SEARCH_USER_PATHS = NO;
				ASSETCATALOG_COMPILER_GENERATE_SWIFT_ASSET_SYMBOL_EXTENSIONS = YES;
				CLANG_ANALYZER_NONNULL = YES;
				CLANG_ANALYZER_NUMBER_OBJECT_CONVERSION = YES_AGGRESSIVE;
				CLANG_CXX_LANGUAGE_STANDARD = "gnu++20";
				CLANG_ENABLE_MODULES = YES;
				CLANG_ENABLE_OBJC_ARC = YES;
				CLANG_ENABLE_OBJC_WEAK = YES;
				CLANG_WARN_BLOCK_CAPTURE_AUTORELEASING = YES;
				CLANG_WARN_BOOL_CONVERSION = YES;
				CLANG_WARN_COMMA = YES;
				CLANG_WARN_CONSTANT_CONVERSION = YES;
				CLANG_WARN_DEPRECATED_OBJC_IMPLEMENTATIONS = YES;
				CLANG_WARN_DIRECT_OBJC_ISA_USAGE = YES_ERROR;
				CLANG_WARN_DOCUMENTATION_COMMENTS = YES;
				CLANG_WARN_EMPTY_BODY = YES;
				CLANG_WARN_ENUM_CONVERSION = YES;
				CLANG_WARN_INFINITE_RECURSION = YES;
				CLANG_WARN_INT_CONVERSION = YES;
				CLANG_WARN_NON_LITERAL_NULL_CONVERSION = YES;
				CLANG_WARN_OBJC_IMPLICIT_RETAIN_SELF = YES;
				CLANG_WARN_OBJC_LITERAL_CONVERSION = YES;
				CLANG_WARN_OBJC_ROOT_CLASS = YES_ERROR;
				CLANG_WARN_QUOTED_INCLUDE_IN_FRAMEWORK_HEADER = YES;
				CLANG_WARN_RANGE_LOOP_ANALYSIS = YES;
				CLANG_WARN_STRICT_PROTOTYPES = YES;
				CLANG_WARN_SUSPICIOUS_MOVE = YES;
				CLANG_WARN_UNGUARDED_AVAILABILITY = YES_AGGRESSIVE;
				CLANG_WARN_UNREACHABLE_CODE = YES;
				CLANG_WARN__DUPLICATE_METHOD_MATCH = YES;
				COPY_PHASE_STRIP = NO;
				DEBUG_INFORMATION_FORMAT = "dwarf-with-dsym";
				ENABLE_NS_ASSERTIONS = NO;
				ENABLE_STRICT_OBJC_MSGSEND = YES;
				ENABLE_USER_SCRIPT_SANDBOXING = YES;
				GCC_C_LANGUAGE_STANDARD = gnu17;
				GCC_NO_COMMON_BLOCKS = YES;
				GCC_WARN_64_TO_32_BIT_CONVERSION = YES;
				GCC_WARN_ABOUT_RETURN_TYPE = YES_ERROR;
				GCC_WARN_UNDECLARED_SELECTOR = YES;
				GCC_WARN_UNINITIALIZED_AUTOS = YES_AGGRESSIVE;
				GCC_WARN_UNUSED_FUNCTION = YES;
				GCC_WARN_UNUSED_VARIABLE = YES;
				IPHONEOS_DEPLOYMENT_TARGET = 17.5;
				LOCALIZATION_PREFERS_STRING_CATALOGS = YES;
				MTL_ENABLE_DEBUG_INFO = NO;
				MTL_FAST_MATH = YES;
				SDKROOT = iphoneos;
				SWIFT_COMPILATION_MODE = wholemodule;
				VALIDATE_PRODUCT = YES;
			};
			name = Release;
		};
		F74F26C32C52FC9400C9EE7A /* Debug */ = {
			isa = XCBuildConfiguration;
			buildSettings = {
				ASSETCATALOG_COMPILER_APPICON_NAME = AppIcon;
				ASSETCATALOG_COMPILER_GLOBAL_ACCENT_COLOR_NAME = AccentColor;
				CODE_SIGN_STYLE = Automatic;
				CURRENT_PROJECT_VERSION = 1;
				DEVELOPMENT_TEAM = 6D9CKTK39V;
				GENERATE_INFOPLIST_FILE = YES;
				INFOPLIST_FILE = WeatherApp/Info.plist;
				INFOPLIST_KEY_UIApplicationSupportsIndirectInputEvents = YES;
				INFOPLIST_KEY_UILaunchStoryboardName = LaunchScreen;
				INFOPLIST_KEY_UIMainStoryboardFile = Main;
				INFOPLIST_KEY_UIStatusBarStyle = "";
				INFOPLIST_KEY_UISupportedInterfaceOrientations_iPad = "UIInterfaceOrientationPortrait UIInterfaceOrientationPortraitUpsideDown UIInterfaceOrientationLandscapeLeft UIInterfaceOrientationLandscapeRight";
				INFOPLIST_KEY_UISupportedInterfaceOrientations_iPhone = "UIInterfaceOrientationPortrait UIInterfaceOrientationLandscapeLeft UIInterfaceOrientationLandscapeRight";
				LD_RUNPATH_SEARCH_PATHS = (
					"$(inherited)",
					"@executable_path/Frameworks",
				);
				MARKETING_VERSION = 1.0;
				PRODUCT_BUNDLE_IDENTIFIER = trvl.WeatherApp;
				PRODUCT_NAME = "$(TARGET_NAME)";
				SWIFT_EMIT_LOC_STRINGS = YES;
				SWIFT_VERSION = 5.0;
				TARGETED_DEVICE_FAMILY = "1,2";
			};
			name = Debug;
		};
		F74F26C42C52FC9400C9EE7A /* Release */ = {
			isa = XCBuildConfiguration;
			buildSettings = {
				ASSETCATALOG_COMPILER_APPICON_NAME = AppIcon;
				ASSETCATALOG_COMPILER_GLOBAL_ACCENT_COLOR_NAME = AccentColor;
				CODE_SIGN_STYLE = Automatic;
				CURRENT_PROJECT_VERSION = 1;
				DEVELOPMENT_TEAM = 6D9CKTK39V;
				GENERATE_INFOPLIST_FILE = YES;
				INFOPLIST_FILE = WeatherApp/Info.plist;
				INFOPLIST_KEY_UIApplicationSupportsIndirectInputEvents = YES;
				INFOPLIST_KEY_UILaunchStoryboardName = LaunchScreen;
				INFOPLIST_KEY_UIMainStoryboardFile = Main;
				INFOPLIST_KEY_UIStatusBarStyle = "";
				INFOPLIST_KEY_UISupportedInterfaceOrientations_iPad = "UIInterfaceOrientationPortrait UIInterfaceOrientationPortraitUpsideDown UIInterfaceOrientationLandscapeLeft UIInterfaceOrientationLandscapeRight";
				INFOPLIST_KEY_UISupportedInterfaceOrientations_iPhone = "UIInterfaceOrientationPortrait UIInterfaceOrientationLandscapeLeft UIInterfaceOrientationLandscapeRight";
				LD_RUNPATH_SEARCH_PATHS = (
					"$(inherited)",
					"@executable_path/Frameworks",
				);
				MARKETING_VERSION = 1.0;
				PRODUCT_BUNDLE_IDENTIFIER = trvl.WeatherApp;
				PRODUCT_NAME = "$(TARGET_NAME)";
				SWIFT_EMIT_LOC_STRINGS = YES;
				SWIFT_VERSION = 5.0;
				TARGETED_DEVICE_FAMILY = "1,2";
			};
			name = Release;
		};
/* End XCBuildConfiguration section */

/* Begin XCConfigurationList section */
		F74F26A92C52FC9100C9EE7A /* Build configuration list for PBXProject "WeatherApp" */ = {
			isa = XCConfigurationList;
			buildConfigurations = (
				F74F26C02C52FC9400C9EE7A /* Debug */,
				F74F26C12C52FC9400C9EE7A /* Release */,
			);
			defaultConfigurationIsVisible = 0;
			defaultConfigurationName = Release;
		};
		F74F26C22C52FC9400C9EE7A /* Build configuration list for PBXNativeTarget "WeatherApp" */ = {
			isa = XCConfigurationList;
			buildConfigurations = (
				F74F26C32C52FC9400C9EE7A /* Debug */,
				F74F26C42C52FC9400C9EE7A /* Release */,
			);
			defaultConfigurationIsVisible = 0;
			defaultConfigurationName = Release;
		};
/* End XCConfigurationList section */
	};
	rootObject = F74F26A62C52FC9100C9EE7A /* Project object */;
}
